# This file is generated by running "yarn install" inside your project.
# Manual changes might be lost - proceed with caution!

__metadata:
  version: 6
  cacheKey: 8

"@babel/runtime@npm:^7.0.0, @babel/runtime@npm:^7.12.13, @babel/runtime@npm:^7.5.5, @babel/runtime@npm:^7.8.7":
  version: 7.17.9
  resolution: "@babel/runtime@npm:7.17.9"
  dependencies:
    regenerator-runtime: ^0.13.4
  checksum: 4d56bdb82890f386d5a57c40ef985a0ed7f0a78f789377a2d0c3e8826819e0f7f16ba0fe906d9b2241c5f7ca56630ef0653f5bb99f03771f7b87ff8af4bf5fe3
  languageName: node
  linkType: hard

"@babel/runtime@npm:^7.12.5":
  version: 7.20.7
  resolution: "@babel/runtime@npm:7.20.7"
  dependencies:
    regenerator-runtime: ^0.13.11
  checksum: 4629ce5c46f06cca9cfb9b7fc00d48003335a809888e2b91ec2069a2dcfbfef738480cff32ba81e0b7c290f8918e5c22ddcf2b710001464ee84ba62c7e32a3a3
  languageName: node
  linkType: hard

"@emotion/hash@npm:^0.9.0":
  version: 0.9.0
  resolution: "@emotion/hash@npm:0.9.0"
  checksum: b63428f7c8186607acdca5d003700cecf0ded519d0b5c5cc3b3154eafcad6ff433f8361bd2bac8882715b557e6f06945694aeb6ba8b25c6095d7a88570e2e0bb
  languageName: node
  linkType: hard

"@juggle/resize-observer@npm:^3.3.1":
  version: 3.3.1
  resolution: "@juggle/resize-observer@npm:3.3.1"
  checksum: ddabc4044276a2cb57d469c4917206c7e39f2463aa8e3430e33e4eda554412afe29c22afa40e6708b49dad5d56768dc83acd68a704b1dcd49a0906bb96b991b2
  languageName: node
  linkType: hard

"@next/env@npm:13.1.1":
  version: 13.1.1
  resolution: "@next/env@npm:13.1.1"
  checksum: e265b9b9e7c28023b33ba99b95e84abdfa501507e2f1b7d7b6469ab93d21edbb59fe4378f0557d12864508b747ff1fbc2f9c7de3d704ba51a37c7295fddb0ec1
  languageName: node
  linkType: hard

"@next/swc-android-arm-eabi@npm:13.1.1":
  version: 13.1.1
  resolution: "@next/swc-android-arm-eabi@npm:13.1.1"
  conditions: os=android & cpu=arm
  languageName: node
  linkType: hard

"@next/swc-android-arm64@npm:13.1.1":
  version: 13.1.1
  resolution: "@next/swc-android-arm64@npm:13.1.1"
  conditions: os=android & cpu=arm64
  languageName: node
  linkType: hard

"@next/swc-darwin-arm64@npm:13.1.1":
  version: 13.1.1
  resolution: "@next/swc-darwin-arm64@npm:13.1.1"
  conditions: os=darwin & cpu=arm64
  languageName: node
  linkType: hard

"@next/swc-darwin-x64@npm:13.1.1":
  version: 13.1.1
  resolution: "@next/swc-darwin-x64@npm:13.1.1"
  conditions: os=darwin & cpu=x64
  languageName: node
  linkType: hard

"@next/swc-freebsd-x64@npm:13.1.1":
  version: 13.1.1
  resolution: "@next/swc-freebsd-x64@npm:13.1.1"
  conditions: os=freebsd & cpu=x64
  languageName: node
  linkType: hard

"@next/swc-linux-arm-gnueabihf@npm:13.1.1":
  version: 13.1.1
  resolution: "@next/swc-linux-arm-gnueabihf@npm:13.1.1"
  conditions: os=linux & cpu=arm
  languageName: node
  linkType: hard

"@next/swc-linux-arm64-gnu@npm:13.1.1":
  version: 13.1.1
  resolution: "@next/swc-linux-arm64-gnu@npm:13.1.1"
  conditions: os=linux & cpu=arm64 & libc=glibc
  languageName: node
  linkType: hard

"@next/swc-linux-arm64-musl@npm:13.1.1":
  version: 13.1.1
  resolution: "@next/swc-linux-arm64-musl@npm:13.1.1"
  conditions: os=linux & cpu=arm64 & libc=musl
  languageName: node
  linkType: hard

"@next/swc-linux-x64-gnu@npm:13.1.1":
  version: 13.1.1
  resolution: "@next/swc-linux-x64-gnu@npm:13.1.1"
  conditions: os=linux & cpu=x64 & libc=glibc
  languageName: node
  linkType: hard

"@next/swc-linux-x64-musl@npm:13.1.1":
  version: 13.1.1
  resolution: "@next/swc-linux-x64-musl@npm:13.1.1"
  conditions: os=linux & cpu=x64 & libc=musl
  languageName: node
  linkType: hard

"@next/swc-win32-arm64-msvc@npm:13.1.1":
  version: 13.1.1
  resolution: "@next/swc-win32-arm64-msvc@npm:13.1.1"
  conditions: os=win32 & cpu=arm64
  languageName: node
  linkType: hard

"@next/swc-win32-ia32-msvc@npm:13.1.1":
  version: 13.1.1
  resolution: "@next/swc-win32-ia32-msvc@npm:13.1.1"
  conditions: os=win32 & cpu=ia32
  languageName: node
  linkType: hard

"@next/swc-win32-x64-msvc@npm:13.1.1":
  version: 13.1.1
  resolution: "@next/swc-win32-x64-msvc@npm:13.1.1"
  conditions: os=win32 & cpu=x64
  languageName: node
  linkType: hard

"@swc/helpers@npm:0.4.14":
  version: 0.4.14
  resolution: "@swc/helpers@npm:0.4.14"
  dependencies:
    tslib: ^2.4.0
  checksum: 273fd3f3fc461a92f3790cc551ea054745c6d6959afbe1232e6d7aa1c722bbc114d308aab96bef5c78fc0303c85c7b472ef00e2253251cc89737f3b1af56e5a5
  languageName: node
  linkType: hard

"@tef-novum/webview-bridge@npm:^3.8.0":
  version: 3.19.0
  resolution: "@tef-novum/webview-bridge@npm:3.19.0"
  checksum: 67c0cef49341bdcabe663b8ec5bbbe2519009d02deb180a93f8726d32d83cbabc28f988beb6b5f935e6586ba676e894705243d69fa2a90e6d76ba971d1cea001
  languageName: node
  linkType: hard

"@telefonica/libphonenumber@npm:^2.8.1":
  version: 2.8.1
  resolution: "@telefonica/libphonenumber@npm:2.8.1"
  checksum: f51a07fd300337f8fd681f469411d9f8506899d30fbd3af9e757a8780ee020db7a80527bba35a9377fd0c18ae8d288237fedd35bf896e6c55b5aef957f8d2f8f
  languageName: node
  linkType: hard

"@telefonica/mistica@npm:^14":
  version: 14.15.0
  resolution: "@telefonica/mistica@npm:14.15.0"
  dependencies:
    "@juggle/resize-observer": ^3.3.1
    "@tef-novum/webview-bridge": ^3.8.0
    "@telefonica/libphonenumber": ^2.8.1
    "@vanilla-extract/css": ^1.9.5
    "@vanilla-extract/dynamic": ^2.0.3
    "@vanilla-extract/sprinkles": ^1.5.1
    classnames: ^2.3.1
    lodash: ^4.17.21
    moment: ^2.29.1
    react-autosuggest: ^10.1.0
    react-datetime: ^3.1.1
    react-focus-lock: ^2.8.1
    react-transition-group: ^4.4.5
    rifm: ^0.12.1
    scroll-behavior-polyfill: ^2.0.13
    semver-compare: ^1.0.0
  peerDependencies:
    react: 17.x || 18.x
    react-dom: 17.x || 18.x
  checksum: 7744f985ed4b11b1a7d5f7ac36b83760c0efac0c5ffeec2e32384a5cfc8406fdbe8ae704023f74589771875bafe14357b86e4db0223c6e13f586a501cd030259
  languageName: node
  linkType: hard

"@types/color-name@npm:^1.1.1":
  version: 1.1.1
  resolution: "@types/color-name@npm:1.1.1"
  checksum: b71fcad728cc68abcba1d405742134410c8f8eb3c2ef18113b047afca158ad23a4f2c229bcf71a38f4a818dead375c45b20db121d0e69259c2d81e97a740daa6
  languageName: node
  linkType: hard

"@types/prop-types@npm:*":
  version: 15.7.5
  resolution: "@types/prop-types@npm:15.7.5"
  checksum: 5b43b8b15415e1f298243165f1d44390403bb2bd42e662bca3b5b5633fdd39c938e91b7fce3a9483699db0f7a715d08cef220c121f723a634972fdf596aec980
  languageName: node
  linkType: hard

"@types/react@npm:^18.0.26":
  version: 18.0.26
  resolution: "@types/react@npm:18.0.26"
  dependencies:
    "@types/prop-types": "*"
    "@types/scheduler": "*"
    csstype: ^3.0.2
  checksum: b62f0ea3cdfa68e106391728325057ad36f1bde7ba2dfae029472c47e01e482bc77c6ba4f1dad59f3f04ee81cb597618ff7c30a33c157c0a20462b6dd6aa2d4d
  languageName: node
  linkType: hard

"@types/scheduler@npm:*":
  version: 0.16.2
  resolution: "@types/scheduler@npm:0.16.2"
  checksum: b6b4dcfeae6deba2e06a70941860fb1435730576d3689225a421280b7742318d1548b3d22c1f66ab68e414f346a9542f29240bc955b6332c5b11e561077583bc
  languageName: node
  linkType: hard

"@vanilla-extract/css@npm:^1.9.5":
  version: 1.11.1
  resolution: "@vanilla-extract/css@npm:1.11.1"
  dependencies:
    "@emotion/hash": ^0.9.0
    "@vanilla-extract/private": ^1.0.3
    ahocorasick: 1.0.2
    chalk: ^4.1.1
    css-what: ^6.1.0
    cssesc: ^3.0.0
    csstype: ^3.0.7
    deep-object-diff: ^1.1.9
    deepmerge: ^4.2.2
    media-query-parser: ^2.0.2
    outdent: ^0.8.0
  checksum: 1498ced4ba1fd78f3e42567a49daac9eea15e0fa1418d39e4ba5a3e84ded66a5567733f5fa364eaf5fe9c0354124bd62a32ffd603427b76e36004ed49b55c7d2
  languageName: node
  linkType: hard

"@vanilla-extract/dynamic@npm:^2.0.3":
  version: 2.0.3
  resolution: "@vanilla-extract/dynamic@npm:2.0.3"
  dependencies:
    "@vanilla-extract/private": ^1.0.3
  checksum: 9ad4068d7e28361a7aca46b5f14094e74613428fb600e54227d8ba7a35926c0d7339de1876eb2b3563f6d97c0f08fa09d5ff597f76776f8edca37510165682b0
  languageName: node
  linkType: hard

"@vanilla-extract/private@npm:^1.0.3":
  version: 1.0.3
  resolution: "@vanilla-extract/private@npm:1.0.3"
  checksum: 866a71ba6804edeb0735684e7723ba78f5cf0bb40d4fb538fe6bf7d73928099e341312337b2a510ac0ce96ff8a4b39eb7f7a5fad0c842532353dd20e7278f29b
  languageName: node
  linkType: hard

"@vanilla-extract/sprinkles@npm:^1.5.1":
  version: 1.6.0
  resolution: "@vanilla-extract/sprinkles@npm:1.6.0"
  peerDependencies:
    "@vanilla-extract/css": ^1.0.0
  checksum: ab30ce88f9124f1eacbb5d5fb4f70534cda1ef0fdb992049657b4b480714f340e6b248b12a9c58451d4c7e7cdf55bf2e7a4bfc7c2fc60873ac0da28dc132d32f
  languageName: node
  linkType: hard

"ahocorasick@npm:1.0.2":
  version: 1.0.2
  resolution: "ahocorasick@npm:1.0.2"
  checksum: a13ce4403554ae782cf5e28d468a732acf1fd3d0bff251f5dcfddfa5497b6cc343948d69cd94dfdbe8d4dfdb81e2b34cb1c92079e6301f38b0143d314fb95bd6
  languageName: node
  linkType: hard

"ansi-styles@npm:^4.1.0":
  version: 4.2.1
  resolution: "ansi-styles@npm:4.2.1"
  dependencies:
    "@types/color-name": ^1.1.1
    color-convert: ^2.0.1
  checksum: 7c74dbc7ec912b9e45dacbfaa7e2513bea6aa24d5357a0cd3255e7f83ecfc62e1454c77ab150a8df60de700c83c17fbbf040e7c204b4b6fc7aa250c8afcb865f
  languageName: node
  linkType: hard

"caniuse-lite@npm:^1.0.30001406":
  version: 1.0.30001442
  resolution: "caniuse-lite@npm:1.0.30001442"
  checksum: c1bff65bd4f53da2d288e7f55be40706ee0119b983eae5a9dcc884046990476891630aef72d708f7989f8f1964200c44e4c37ea40deecaa2fb4a480df23e6317
  languageName: node
  linkType: hard

"chalk@npm:^4.1.1":
  version: 4.1.2
  resolution: "chalk@npm:4.1.2"
  dependencies:
    ansi-styles: ^4.1.0
    supports-color: ^7.1.0
  checksum: fe75c9d5c76a7a98d45495b91b2172fa3b7a09e0cc9370e5c8feb1c567b85c4288e2b3fded7cfdd7359ac28d6b3844feb8b82b8686842e93d23c827c417e83fc
  languageName: node
  linkType: hard

"classnames@npm:^2.3.1":
  version: 2.3.1
  resolution: "classnames@npm:2.3.1"
  checksum: 14db8889d56c267a591f08b0834989fe542d47fac659af5a539e110cc4266694e8de86e4e3bbd271157dbd831361310a8293e0167141e80b0f03a0f175c80960
  languageName: node
  linkType: hard

"client-only@npm:0.0.1":
  version: 0.0.1
  resolution: "client-only@npm:0.0.1"
  checksum: 0c16bf660dadb90610553c1d8946a7fdfb81d624adea073b8440b7d795d5b5b08beb3c950c6a2cf16279365a3265158a236876d92bce16423c485c322d7dfaf8
  languageName: node
  linkType: hard

"color-convert@npm:^2.0.1":
  version: 2.0.1
  resolution: "color-convert@npm:2.0.1"
  dependencies:
    color-name: ~1.1.4
  checksum: 79e6bdb9fd479a205c71d89574fccfb22bd9053bd98c6c4d870d65c132e5e904e6034978e55b43d69fcaa7433af2016ee203ce76eeba9cfa554b373e7f7db336
  languageName: node
  linkType: hard

"color-name@npm:~1.1.4":
  version: 1.1.4
  resolution: "color-name@npm:1.1.4"
  checksum: b0445859521eb4021cd0fb0cc1a75cecf67fceecae89b63f62b201cca8d345baf8b952c966862a9d9a2632987d4f6581f0ec8d957dfacece86f0a7919316f610
  languageName: node
  linkType: hard

"css-what@npm:^6.1.0":
  version: 6.1.0
  resolution: "css-what@npm:6.1.0"
  checksum: b975e547e1e90b79625918f84e67db5d33d896e6de846c9b584094e529f0c63e2ab85ee33b9daffd05bff3a146a1916bec664e18bb76dd5f66cbff9fc13b2bbe
  languageName: node
  linkType: hard

"cssesc@npm:^3.0.0":
  version: 3.0.0
  resolution: "cssesc@npm:3.0.0"
  bin:
    cssesc: bin/cssesc
  checksum: f8c4ababffbc5e2ddf2fa9957dda1ee4af6048e22aeda1869d0d00843223c1b13ad3f5d88b51caa46c994225eacb636b764eb807a8883e2fb6f99b4f4e8c48b2
  languageName: node
  linkType: hard

"csstype@npm:^3.0.2":
  version: 3.0.11
  resolution: "csstype@npm:3.0.11"
  checksum: 95e56abfe9ca219ae065acb4e43f61771a03170eed919127f558dfa168240867aba7629c8d98a201a0dd06d9a5ce82686f0570031c928516c61816adbc7c877f
  languageName: node
  linkType: hard

"csstype@npm:^3.0.7":
  version: 3.1.1
  resolution: "csstype@npm:3.1.1"
  checksum: 1f7b4f5fdd955b7444b18ebdddf3f5c699159f13e9cf8ac9027ae4a60ae226aef9bbb14a6e12ca7dba3358b007cee6354b116e720262867c398de6c955ea451d
  languageName: node
  linkType: hard

"deep-object-diff@npm:^1.1.9":
  version: 1.1.9
  resolution: "deep-object-diff@npm:1.1.9"
  checksum: ecd42455e4773f653595d28070295e7aaa8402db5f8ab21d0bec115a7cb4de5e207a5665514767da5f025c96597f1d3a0a4888aeb4dd49e03c996871a3aa05ef
  languageName: node
  linkType: hard

"deepmerge@npm:^4.2.2":
  version: 4.2.2
  resolution: "deepmerge@npm:4.2.2"
  checksum: a8c43a1ed8d6d1ed2b5bf569fa4c8eb9f0924034baf75d5d406e47e157a451075c4db353efea7b6bcc56ec48116a8ce72fccf867b6e078e7c561904b5897530b
  languageName: node
  linkType: hard

"detect-node-es@npm:^1.1.0":
  version: 1.1.0
  resolution: "detect-node-es@npm:1.1.0"
  checksum: e46307d7264644975b71c104b9f028ed1d3d34b83a15b8a22373640ce5ea630e5640b1078b8ea15f202b54641da71e4aa7597093bd4b91f113db520a26a37449
  languageName: node
  linkType: hard

"dom-helpers@npm:^5.0.1":
  version: 5.2.1
  resolution: "dom-helpers@npm:5.2.1"
  dependencies:
    "@babel/runtime": ^7.8.7
    csstype: ^3.0.2
  checksum: 863ba9e086f7093df3376b43e74ce4422571d404fc9828bf2c56140963d5edf0e56160f9b2f3bb61b282c07f8fc8134f023c98fd684bddcb12daf7b0f14d951c
  languageName: node
  linkType: hard

"es6-promise@npm:^4.2.8":
  version: 4.2.8
  resolution: "es6-promise@npm:4.2.8"
  checksum: 95614a88873611cb9165a85d36afa7268af5c03a378b35ca7bda9508e1d4f1f6f19a788d4bc755b3fd37c8ebba40782018e02034564ff24c9d6fa37e959ad57d
  languageName: node
  linkType: hard

"focus-lock@npm:^0.11.2":
  version: 0.11.2
  resolution: "focus-lock@npm:0.11.2"
  dependencies:
    tslib: ^2.0.3
  checksum: f1a62ea7bbdf71fcc7311a49d84e2f0a37f479539007152c887802e44d4910638611421aec915867353c63212c513e5aab4194bb7fe693d1d8dc1c4c7d43366b
  languageName: node
  linkType: hard

"has-flag@npm:^4.0.0":
  version: 4.0.0
  resolution: "has-flag@npm:4.0.0"
  checksum: 261a1357037ead75e338156b1f9452c016a37dcd3283a972a30d9e4a87441ba372c8b81f818cd0fbcd9c0354b4ae7e18b9e1afa1971164aef6d18c2b6095a8ad
  languageName: node
  linkType: hard

"js-tokens@npm:^3.0.0 || ^4.0.0":
  version: 4.0.0
  resolution: "js-tokens@npm:4.0.0"
  checksum: 8a95213a5a77deb6cbe94d86340e8d9ace2b93bc367790b260101d2f36a2eaf4e4e22d9fa9cf459b38af3a32fb4190e638024cf82ec95ef708680e405ea7cc78
  languageName: node
  linkType: hard

"lodash@npm:^4.17.21":
  version: 4.17.21
  resolution: "lodash@npm:4.17.21"
  checksum: eb835a2e51d381e561e508ce932ea50a8e5a68f4ebdd771ea240d3048244a8d13658acbd502cd4829768c56f2e16bdd4340b9ea141297d472517b83868e677f7
  languageName: node
  linkType: hard

"loose-envify@npm:^1.1.0, loose-envify@npm:^1.4.0":
  version: 1.4.0
  resolution: "loose-envify@npm:1.4.0"
  dependencies:
    js-tokens: ^3.0.0 || ^4.0.0
  bin:
    loose-envify: cli.js
  checksum: 6517e24e0cad87ec9888f500c5b5947032cdfe6ef65e1c1936a0c48a524b81e65542c9c3edc91c97d5bddc806ee2a985dbc79be89215d613b1de5db6d1cfe6f4
  languageName: node
  linkType: hard

"media-query-parser@npm:^2.0.2":
  version: 2.0.2
  resolution: "media-query-parser@npm:2.0.2"
  dependencies:
    "@babel/runtime": ^7.12.5
  checksum: 8ef956d9e63fe6f4041988beda69843b3a6bb48228ea2923a066f6e7c8f7c5dba75fae357318c48a97ed5beae840b8425cb7e727fc1bb77acc65f2005f8945ab
  languageName: node
  linkType: hard

"moment@npm:^2.29.1":
  version: 2.29.3
  resolution: "moment@npm:2.29.3"
  checksum: 2e780e36d9a1823c08a1b6313cbb08bd01ecbb2a9062095820a34f42c878991ccba53abaa6abb103fd5c01e763724f295162a8c50b7e95b4f1c992ef0772d3f0
  languageName: node
  linkType: hard

"nanoid@npm:^3.3.4":
  version: 3.3.4
  resolution: "nanoid@npm:3.3.4"
  bin:
    nanoid: bin/nanoid.cjs
  checksum: 2fddd6dee994b7676f008d3ffa4ab16035a754f4bb586c61df5a22cf8c8c94017aadd360368f47d653829e0569a92b129979152ff97af23a558331e47e37cd9c
  languageName: node
  linkType: hard

"next@npm:13.1.1":
  version: 13.1.1
  resolution: "next@npm:13.1.1"
  dependencies:
    "@next/env": 13.1.1
    "@next/swc-android-arm-eabi": 13.1.1
    "@next/swc-android-arm64": 13.1.1
    "@next/swc-darwin-arm64": 13.1.1
    "@next/swc-darwin-x64": 13.1.1
    "@next/swc-freebsd-x64": 13.1.1
    "@next/swc-linux-arm-gnueabihf": 13.1.1
    "@next/swc-linux-arm64-gnu": 13.1.1
    "@next/swc-linux-arm64-musl": 13.1.1
    "@next/swc-linux-x64-gnu": 13.1.1
    "@next/swc-linux-x64-musl": 13.1.1
    "@next/swc-win32-arm64-msvc": 13.1.1
    "@next/swc-win32-ia32-msvc": 13.1.1
    "@next/swc-win32-x64-msvc": 13.1.1
    "@swc/helpers": 0.4.14
    caniuse-lite: ^1.0.30001406
    postcss: 8.4.14
    styled-jsx: 5.1.1
  peerDependencies:
    fibers: ">= 3.1.0"
    node-sass: ^6.0.0 || ^7.0.0
    react: ^18.2.0
    react-dom: ^18.2.0
    sass: ^1.3.0
  dependenciesMeta:
    "@next/swc-android-arm-eabi":
      optional: true
    "@next/swc-android-arm64":
      optional: true
    "@next/swc-darwin-arm64":
      optional: true
    "@next/swc-darwin-x64":
      optional: true
    "@next/swc-freebsd-x64":
      optional: true
    "@next/swc-linux-arm-gnueabihf":
      optional: true
    "@next/swc-linux-arm64-gnu":
      optional: true
    "@next/swc-linux-arm64-musl":
      optional: true
    "@next/swc-linux-x64-gnu":
      optional: true
    "@next/swc-linux-x64-musl":
      optional: true
    "@next/swc-win32-arm64-msvc":
      optional: true
    "@next/swc-win32-ia32-msvc":
      optional: true
    "@next/swc-win32-x64-msvc":
      optional: true
  peerDependenciesMeta:
    fibers:
      optional: true
    node-sass:
      optional: true
    sass:
      optional: true
  bin:
    next: dist/bin/next
  checksum: 97a9154d620770388e6a0a84982b094172b851f49b408ac53d83fc4110470dbef63225b9c0008e223c60759b5aa606a547bd909b15d6a166526e168877dfc802
  languageName: node
  linkType: hard

"next@workspace:.":
  version: 0.0.0-use.local
  resolution: "next@workspace:."
  dependencies:
    "@telefonica/mistica": ^14
    "@types/react": ^18.0.26
    next: 13.1.1
    react: ^18.2.0
    react-dom: ^18.2.0
    typescript: ^4.9.4
  languageName: unknown
  linkType: soft

"object-assign@npm:^3.0.0":
  version: 3.0.0
  resolution: "object-assign@npm:3.0.0"
  checksum: 56c66a77318aea95b11bd16a65c313e98786cea1db673a7fdd3bc92aced671b35f62a9819ad9cf7846921c773818329636cda5cd1b7c4fa0ce9908440e091dac
  languageName: node
  linkType: hard

"object-assign@npm:^4.1.1":
  version: 4.1.1
  resolution: "object-assign@npm:4.1.1"
  checksum: fcc6e4ea8c7fe48abfbb552578b1c53e0d194086e2e6bbbf59e0a536381a292f39943c6e9628af05b5528aa5e3318bb30d6b2e53cadaf5b8fe9e12c4b69af23f
  languageName: node
  linkType: hard

"outdent@npm:^0.8.0":
  version: 0.8.0
  resolution: "outdent@npm:0.8.0"
  checksum: 72b7c1a287674317ea477999ec24e73a9eda21de35eb9429218f4a5bab899e964afaee7508265898118fee5cbee1d79397916b66dd8aeee285cd948ea5b1f562
  languageName: node
  linkType: hard

"picocolors@npm:^1.0.0":
  version: 1.0.0
  resolution: "picocolors@npm:1.0.0"
  checksum: a2e8092dd86c8396bdba9f2b5481032848525b3dc295ce9b57896f931e63fc16f79805144321f72976383fc249584672a75cc18d6777c6b757603f372f745981
  languageName: node
  linkType: hard

"postcss@npm:8.4.14":
  version: 8.4.14
  resolution: "postcss@npm:8.4.14"
  dependencies:
    nanoid: ^3.3.4
    picocolors: ^1.0.0
    source-map-js: ^1.0.2
  checksum: fe58766ff32e4becf65a7d57678995cfd239df6deed2fe0557f038b47c94e4132e7e5f68b5aa820c13adfec32e523b693efaeb65798efb995ce49ccd83953816
  languageName: node
  linkType: hard

"prop-types@npm:^15.5.7, prop-types@npm:^15.7.2":
  version: 15.8.1
  resolution: "prop-types@npm:15.8.1"
  dependencies:
    loose-envify: ^1.4.0
    object-assign: ^4.1.1
    react-is: ^16.13.1
  checksum: c056d3f1c057cb7ff8344c645450e14f088a915d078dcda795041765047fa080d38e5d626560ccaac94a4e16e3aa15f3557c1a9a8d1174530955e992c675e459
  languageName: node
  linkType: hard

"prop-types@npm:^15.6.2":
  version: 15.7.2
  resolution: "prop-types@npm:15.7.2"
  dependencies:
    loose-envify: ^1.4.0
    object-assign: ^4.1.1
    react-is: ^16.8.1
  checksum: 5eef82fdda64252c7e75aa5c8cc28a24bbdece0f540adb60ce67c205cf978a5bd56b83e4f269f91c6e4dcfd80b36f2a2dec24d362e278913db2086ca9c6f9430
  languageName: node
  linkType: hard

"react-autosuggest@npm:^10.1.0":
  version: 10.1.0
  resolution: "react-autosuggest@npm:10.1.0"
  dependencies:
    es6-promise: ^4.2.8
    prop-types: ^15.7.2
    react-themeable: ^1.1.0
    section-iterator: ^2.0.0
    shallow-equal: ^1.2.1
  peerDependencies:
    react: ">=16.3.0"
  checksum: 3526b02bb1938374c2a0d108a03666eae24cddd8bef7686e7f6271bb4c25ad34f8b09e84d1cc2e9206aff577a742c1f8481964e75442a9e080326676ad71f8ae
  languageName: node
  linkType: hard

"react-clientside-effect@npm:^1.2.6":
  version: 1.2.6
  resolution: "react-clientside-effect@npm:1.2.6"
  dependencies:
    "@babel/runtime": ^7.12.13
  peerDependencies:
    react: ^15.3.0 || ^16.0.0 || ^17.0.0 || ^18.0.0
  checksum: 7db6110027a51458b1a46109d2b63dd822825f483c71afef7c0c0a671f3b1aa155049dbd8651c9d536ffac83601f8823b7c3f8916b4f4ee5c3cb7647a85cce4e
  languageName: node
  linkType: hard

"react-datetime@npm:^3.1.1":
  version: 3.1.1
  resolution: "react-datetime@npm:3.1.1"
  dependencies:
    prop-types: ^15.5.7
  peerDependencies:
    moment: ^2.16.0
    react: ^16.5.0 || ^17.0.0
  checksum: a8ef1c9c19c8d896595b1fec4b97785ae15230303ae804c01db9280ec0414ede1e8648b8d87c87644b4298971d974a45507b749e8013d829d75ab2e93f8387e3
  languageName: node
  linkType: hard

"react-dom@npm:^18.2.0":
  version: 18.2.0
  resolution: "react-dom@npm:18.2.0"
  dependencies:
    loose-envify: ^1.1.0
    scheduler: ^0.23.0
  peerDependencies:
    react: ^18.2.0
  checksum: 7d323310bea3a91be2965f9468d552f201b1c27891e45ddc2d6b8f717680c95a75ae0bc1e3f5cf41472446a2589a75aed4483aee8169287909fcd59ad149e8cc
  languageName: node
  linkType: hard

"react-focus-lock@npm:^2.8.1":
  version: 2.9.1
  resolution: "react-focus-lock@npm:2.9.1"
  dependencies:
    "@babel/runtime": ^7.0.0
    focus-lock: ^0.11.2
    prop-types: ^15.6.2
    react-clientside-effect: ^1.2.6
    use-callback-ref: ^1.3.0
    use-sidecar: ^1.1.2
  peerDependencies:
    "@types/react": ^16.8.0 || ^17.0.0 || ^18.0.0
    react: ^16.8.0 || ^17.0.0 || ^18.0.0
  peerDependenciesMeta:
    "@types/react":
      optional: true
  checksum: 4dbc2166ac397d9e9340bd0722c6165c23f21629515f13e9cb96eaff82aa1543a2f7f3cccf15689821f19166e3a3ce59f380c43643099eb119b5f9c529b23181
  languageName: node
  linkType: hard

"react-is@npm:^16.13.1, react-is@npm:^16.8.1":
  version: 16.13.1
  resolution: "react-is@npm:16.13.1"
  checksum: f7a19ac3496de32ca9ae12aa030f00f14a3d45374f1ceca0af707c831b2a6098ef0d6bdae51bd437b0a306d7f01d4677fcc8de7c0d331eb47ad0f46130e53c5f
  languageName: node
  linkType: hard

"react-themeable@npm:^1.1.0":
  version: 1.1.0
  resolution: "react-themeable@npm:1.1.0"
  dependencies:
    object-assign: ^3.0.0
  checksum: 80d8fa67d15f3136ae8054bfbecc2f1a396b7cda4f10380e13e8f344b07543a55adfb5aca0cf741071e406d8115ff3ea8e361476a086ba5ad55a1feb9cb9ae7a
  languageName: node
  linkType: hard

"react-transition-group@npm:^4.4.5":
  version: 4.4.5
  resolution: "react-transition-group@npm:4.4.5"
  dependencies:
    "@babel/runtime": ^7.5.5
    dom-helpers: ^5.0.1
    loose-envify: ^1.4.0
    prop-types: ^15.6.2
  peerDependencies:
    react: ">=16.6.0"
    react-dom: ">=16.6.0"
  checksum: 75602840106aa9c6545149d6d7ae1502fb7b7abadcce70a6954c4b64a438ff1cd16fc77a0a1e5197cdd72da398f39eb929ea06f9005c45b132ed34e056ebdeb1
  languageName: node
  linkType: hard

"react@npm:^18.2.0":
  version: 18.2.0
  resolution: "react@npm:18.2.0"
  dependencies:
    loose-envify: ^1.1.0
  checksum: 88e38092da8839b830cda6feef2e8505dec8ace60579e46aa5490fc3dc9bba0bd50336507dc166f43e3afc1c42939c09fe33b25fae889d6f402721dcd78fca1b
  languageName: node
  linkType: hard

"regenerator-runtime@npm:^0.13.11":
  version: 0.13.11
  resolution: "regenerator-runtime@npm:0.13.11"
  checksum: 27481628d22a1c4e3ff551096a683b424242a216fee44685467307f14d58020af1e19660bf2e26064de946bad7eff28950eae9f8209d55723e2d9351e632bbb4
  languageName: node
  linkType: hard

"regenerator-runtime@npm:^0.13.4":
  version: 0.13.5
  resolution: "regenerator-runtime@npm:0.13.5"
  checksum: afc42d8b86f5ef2003821a2fc214c60640a07992563888529f45533071545c2631805d7214e32f55b517a665f1c59f2629a641a5cc1efbd56f48b6149dd319f2
  languageName: node
  linkType: hard

"rifm@npm:^0.12.1":
  version: 0.12.1
  resolution: "rifm@npm:0.12.1"
  peerDependencies:
    react: ">=16.8"
  checksum: 7f11621b6a14885bdee0b49c21174627272a5f683f74aaf8444570dae319f86de38d2af55c17e08af1ebb837bf956894971cceadeaca890e4c9cd1d46f02a385
  languageName: node
  linkType: hard

"scheduler@npm:^0.23.0":
  version: 0.23.0
  resolution: "scheduler@npm:0.23.0"
  dependencies:
    loose-envify: ^1.1.0
  checksum: d79192eeaa12abef860c195ea45d37cbf2bbf5f66e3c4dcd16f54a7da53b17788a70d109ee3d3dde1a0fd50e6a8fc171f4300356c5aee4fc0171de526bf35f8a
  languageName: node
  linkType: hard

"scroll-behavior-polyfill@npm:^2.0.13":
  version: 2.0.13
  resolution: "scroll-behavior-polyfill@npm:2.0.13"
  checksum: 8d9171438acbf29a2fec72a8a53640e112a10b02b9f68c2532378006e1e9e7e2cdf16b97910f07d013003a967eda9c09ac7fe7d8183f08268e6952df5470d747
  languageName: node
  linkType: hard

"section-iterator@npm:^2.0.0":
  version: 2.0.0
  resolution: "section-iterator@npm:2.0.0"
  checksum: d11ae54205baf1ccea5f847b3b5cd9394128ac1051b4ac236d145c9b386e5dd274371a63991e575e20373bacd1c287bfe6159ddf366cb21f30b123e185e6bc7d
  languageName: node
  linkType: hard

"semver-compare@npm:^1.0.0":
  version: 1.0.0
  resolution: "semver-compare@npm:1.0.0"
  checksum: dd1d7e2909744cf2cf71864ac718efc990297f9de2913b68e41a214319e70174b1d1793ac16e31183b128c2b9812541300cb324db8168e6cf6b570703b171c68
  languageName: node
  linkType: hard

"shallow-equal@npm:^1.2.1":
  version: 1.2.1
  resolution: "shallow-equal@npm:1.2.1"
  checksum: 4f1645cc516e7754c4438db687e1da439a5f29a7dba2ba90c5f88e5708aeb17bc4355ba45cad805b0e95dc898e37d8bf6d77d854919c7512f89939986cff8cd1
  languageName: node
  linkType: hard

"source-map-js@npm:^1.0.2":
  version: 1.0.2
  resolution: "source-map-js@npm:1.0.2"
  checksum: c049a7fc4deb9a7e9b481ae3d424cc793cb4845daa690bc5a05d428bf41bf231ced49b4cf0c9e77f9d42fdb3d20d6187619fc586605f5eabe995a316da8d377c
  languageName: node
  linkType: hard

"styled-jsx@npm:5.1.1":
  version: 5.1.1
  resolution: "styled-jsx@npm:5.1.1"
  dependencies:
    client-only: 0.0.1
  peerDependencies:
    react: ">= 16.8.0 || 17.x.x || ^18.0.0-0"
  peerDependenciesMeta:
    "@babel/core":
      optional: true
    babel-plugin-macros:
      optional: true
  checksum: 523a33b38603492547e861b98e29c873939b04e15fbe5ef16132c6f1e15958126647983c7d4675325038b428a5e91183d996e90141b18bdd1bbadf6e2c45b2fa
  languageName: node
  linkType: hard

"supports-color@npm:^7.1.0":
  version: 7.1.0
  resolution: "supports-color@npm:7.1.0"
  dependencies:
    has-flag: ^4.0.0
  checksum: 899480ac858a650abcca4a02ae655555270e6ace833b15a74e4a2d3456f54cd19b6b12ce14e9bac997c18dd69a0596ee65b95ba013f209dd0f99ebfe87783e41
  languageName: node
  linkType: hard

"tslib@npm:^2.0.0, tslib@npm:^2.0.3":
  version: 2.4.0
  resolution: "tslib@npm:2.4.0"
  checksum: 8c4aa6a3c5a754bf76aefc38026134180c053b7bd2f81338cb5e5ebf96fefa0f417bff221592bf801077f5bf990562f6264fecbc42cd3309b33872cb6fc3b113
  languageName: node
  linkType: hard

"tslib@npm:^2.4.0":
  version: 2.4.1
  resolution: "tslib@npm:2.4.1"
  checksum: 19480d6e0313292bd6505d4efe096a6b31c70e21cf08b5febf4da62e95c265c8f571f7b36fcc3d1a17e068032f59c269fab3459d6cd3ed6949eafecf64315fca
  languageName: node
  linkType: hard

"typescript@npm:^4.9.4":
  version: 4.9.4
  resolution: "typescript@npm:4.9.4"
  bin:
    tsc: bin/tsc
    tsserver: bin/tsserver
  checksum: e782fb9e0031cb258a80000f6c13530288c6d63f1177ed43f770533fdc15740d271554cdae86701c1dd2c83b082cea808b07e97fd68b38a172a83dbf9e0d0ef9
  languageName: node
  linkType: hard

"typescript@patch:typescript@^4.9.4#~builtin<compat/typescript>":
  version: 4.9.4
  resolution: "typescript@patch:typescript@npm%3A4.9.4#~builtin<compat/typescript>::version=4.9.4&hash=701156"
  bin:
    tsc: bin/tsc
    tsserver: bin/tsserver
  checksum: 37f6e2c3c5e2aa5934b85b0fddbf32eeac8b1bacf3a5b51d01946936d03f5377fe86255d4e5a4ae628fd0cd553386355ad362c57f13b4635064400f3e8e05b9d
  languageName: node
  linkType: hard

"use-callback-ref@npm:^1.3.0":
  version: 1.3.0
  resolution: "use-callback-ref@npm:1.3.0"
  dependencies:
    tslib: ^2.0.0
  peerDependencies:
    "@types/react": ^16.8.0 || ^17.0.0 || ^18.0.0
    react: ^16.8.0 || ^17.0.0 || ^18.0.0
  peerDependenciesMeta:
    "@types/react":
      optional: true
  checksum: 7913df383a5a6fcb399212eedefaac2e0c6f843555202d4e3010bac3848afe38ecaa3d0d6500ad1d936fbeffd637e6c517e68edb024af5e6beca7f27f3ce7b21
  languageName: node
  linkType: hard

"use-sidecar@npm:^1.1.2":
  version: 1.1.2
  resolution: "use-sidecar@npm:1.1.2"
  dependencies:
    detect-node-es: ^1.1.0
    tslib: ^2.0.0
  peerDependencies:
    "@types/react": ^16.9.0 || ^17.0.0 || ^18.0.0
    react: ^16.8.0 || ^17.0.0 || ^18.0.0
  peerDependenciesMeta:
    "@types/react":
      optional: true
  checksum: 925d1922f9853e516eaad526b6fed1be38008073067274f0ecc3f56b17bb8ab63480140dd7c271f94150027c996cea4efe83d3e3525e8f3eda22055f6a39220b
  languageName: node
  linkType: hard
