# This file is generated by running "yarn install" inside your project.
# Manual changes might be lost - proceed with caution!

__metadata:
  version: 6
  cacheKey: 8

"typescript@npm:^5.3.3":
  version: 5.3.3
  resolution: "typescript@npm:5.3.3"
  bin:
    tsc: bin/tsc
    tsserver: bin/tsserver
  checksum: 2007ccb6e51bbbf6fde0a78099efe04dc1c3dfbdff04ca3b6a8bc717991862b39fd6126c0c3ebf2d2d98ac5e960bcaa873826bb2bb241f14277034148f41f6a2
  languageName: node
  linkType: hard

"typescript@patch:typescript@^5.3.3#~builtin<compat/typescript>":
  version: 5.3.3
  resolution: "typescript@patch:typescript@npm%3A5.3.3#~builtin<compat/typescript>::version=5.3.3&hash=14eedb"
  bin:
    tsc: bin/tsc
    tsserver: bin/tsserver
  checksum: f61375590b3162599f0f0d5b8737877ac0a7bc52761dbb585d67e7b8753a3a4c42d9a554c4cc929f591ffcf3a2b0602f65ae3ce74714fd5652623a816862b610
  languageName: node
  linkType: hard

"web-components@workspace:.":
  version: 0.0.0-use.local
  resolution: "web-components@workspace:."
  dependencies:
    typescript: ^5.3.3
  languageName: unknown
  linkType: soft
